speakeasyVersion: 1.583.0
sources:
    Conduct an audit:
        sourceNamespace: conduct-an-audit
        sourceRevisionDigest: sha256:234b914b23cf5d74d33cd7077560a45c8cba13a211f3bd8344041648d8733c2d
        sourceBlobDigest: sha256:8fefc2fa168b537a6f137983f6366a1d8abe9ea0a01bc6d108c601431b922a5b
        tags:
            - latest
            - speakeasy-sdk-regen-1752107287
            - 1.0.0
targets:
    vanta:
        source: Conduct an audit
        sourceNamespace: conduct-an-audit
        sourceRevisionDigest: sha256:234b914b23cf5d74d33cd7077560a45c8cba13a211f3bd8344041648d8733c2d
        sourceBlobDigest: sha256:8fefc2fa168b537a6f137983f6366a1d8abe9ea0a01bc6d108c601431b922a5b
        codeSamplesNamespace: conduct-an-audit-typescript-code-samples
        codeSamplesRevisionDigest: sha256:ed572847c06a09b0e1f3d5e784af0b3a9ca9deebeb78e39163dfd13116ec76a1
workflow:
    workflowVersion: 1.0.0
    speakeasyVersion: latest
    sources:
        Conduct an audit:
            inputs:
                - location: api_spec.yaml
            overlays:
                - location: .speakeasy/speakeasy-modifications-overlay.yaml
            registry:
                location: registry.speakeasyapi.dev/vanta/vanta/conduct-an-audit
    targets:
        vanta:
            target: typescript
            source: Conduct an audit
            publish:
                npm:
                    token: $npm_token
            codeSamples:
                registry:
                    location: registry.speakeasyapi.dev/vanta/vanta/conduct-an-audit-typescript-code-samples
                blocking: false
